<?xml version="1.0" encoding="utf-8"?>
<Project ToolsVersion="16.0" xmlns="http://schemas.microsoft.com/developer/msbuild/2003">
  <ItemGroup>
    <CustomBuild Include="C:\Users\Dell\Desktop\School\Year 3\CO572\co572-coursework\Debug\CMakeFiles\2f678820d4bdaf4f99d245a568dc39b2\catch2-mkdir.rule">
      <Filter>CMake Rules</Filter>
    </CustomBuild>
    <CustomBuild Include="C:\Users\Dell\Desktop\School\Year 3\CO572\co572-coursework\Debug\CMakeFiles\2f678820d4bdaf4f99d245a568dc39b2\catch2-download.rule">
      <Filter>CMake Rules</Filter>
    </CustomBuild>
    <CustomBuild Include="C:\Users\Dell\Desktop\School\Year 3\CO572\co572-coursework\Debug\CMakeFiles\2f678820d4bdaf4f99d245a568dc39b2\catch2-update.rule">
      <Filter>CMake Rules</Filter>
    </CustomBuild>
    <CustomBuild Include="C:\Users\Dell\Desktop\School\Year 3\CO572\co572-coursework\Debug\CMakeFiles\2f678820d4bdaf4f99d245a568dc39b2\catch2-patch.rule">
      <Filter>CMake Rules</Filter>
    </CustomBuild>
    <CustomBuild Include="C:\Users\Dell\Desktop\School\Year 3\CO572\co572-coursework\Debug\CMakeFiles\2f678820d4bdaf4f99d245a568dc39b2\catch2-configure.rule">
      <Filter>CMake Rules</Filter>
    </CustomBuild>
    <CustomBuild Include="C:\Users\Dell\Desktop\School\Year 3\CO572\co572-coursework\Debug\CMakeFiles\2f678820d4bdaf4f99d245a568dc39b2\catch2-build.rule">
      <Filter>CMake Rules</Filter>
    </CustomBuild>
    <CustomBuild Include="C:\Users\Dell\Desktop\School\Year 3\CO572\co572-coursework\Debug\CMakeFiles\2f678820d4bdaf4f99d245a568dc39b2\catch2-install.rule">
      <Filter>CMake Rules</Filter>
    </CustomBuild>
    <CustomBuild Include="C:\Users\Dell\Desktop\School\Year 3\CO572\co572-coursework\Debug\CMakeFiles\3250f41a1b346c0097bf7a0a4ce2c24c\catch2-complete.rule">
      <Filter>CMake Rules</Filter>
    </CustomBuild>
    <CustomBuild Include="C:\Users\Dell\Desktop\School\Year 3\CO572\co572-coursework\Debug\CMakeFiles\724561154047d0b3dd79f9017163596a\catch2.rule">
      <Filter>CMake Rules</Filter>
    </CustomBuild>
    <CustomBuild Include="C:\Users\Dell\Desktop\School\Year 3\CO572\co572-coursework\CMakeLists.txt" />
  </ItemGroup>
  <ItemGroup>
    <None Include="C:\Users\Dell\Desktop\School\Year 3\CO572\co572-coursework\Debug\CMakeFiles\catch2" />
  </ItemGroup>
  <ItemGroup>
    <Filter Include="CMake Rules">
      <UniqueIdentifier>{AC7DE1C3-DFFB-3195-B5AD-133130BCB6CF}</UniqueIdentifier>
    </Filter>
  </ItemGroup>
</Project>
