Microsoft Visual Studio Solution File, Format Version 12.00
# Visual Studio 16
Project("{8BC9CEB8-8B4A-11D0-8D11-00A0C91BC942}") = "ALL_BUILD", "ALL_BUILD.vcxproj", "{A1AE2426-0A47-37E5-8124-10CF186A7D39}"
	ProjectSection(ProjectDependencies) = postProject
		{C5EBCFDC-BEAC-35F4-B446-B2B7968A0527} = {C5EBCFDC-BEAC-35F4-B446-B2B7968A0527}
		{3BAD5060-7EE0-38DE-8D00-03A75890872E} = {3BAD5060-7EE0-38DE-8D00-03A75890872E}
		{79A253A4-0A01-36CB-A715-F112AD6F75FD} = {79A253A4-0A01-36CB-A715-F112AD6F75FD}
		{1B6A68D2-79F9-375E-AFEE-FA9564DFA45A} = {1B6A68D2-79F9-375E-AFEE-FA9564DFA45A}
		{1C447441-971D-37FC-8DD4-7B1841183E18} = {1C447441-971D-37FC-8DD4-7B1841183E18}
		{38270FB0-0659-310A-9273-F3570B8F7585} = {38270FB0-0659-310A-9273-F3570B8F7585}
	EndProjectSection
EndProject
Project("{8BC9CEB8-8B4A-11D0-8D11-00A0C91BC942}") = "ZERO_CHECK", "ZERO_CHECK.vcxproj", "{C5EBCFDC-BEAC-35F4-B446-B2B7968A0527}"
	ProjectSection(ProjectDependencies) = postProject
	EndProjectSection
EndProject
Project("{8BC9CEB8-8B4A-11D0-8D11-00A0C91BC942}") = "catch2", "catch2.vcxproj", "{3BAD5060-7EE0-38DE-8D00-03A75890872E}"
	ProjectSection(ProjectDependencies) = postProject
		{C5EBCFDC-BEAC-35F4-B446-B2B7968A0527} = {C5EBCFDC-BEAC-35F4-B446-B2B7968A0527}
	EndProjectSection
EndProject
Project("{8BC9CEB8-8B4A-11D0-8D11-00A0C91BC942}") = "googlebenchmark", "googlebenchmark.vcxproj", "{79A253A4-0A01-36CB-A715-F112AD6F75FD}"
	ProjectSection(ProjectDependencies) = postProject
		{C5EBCFDC-BEAC-35F4-B446-B2B7968A0527} = {C5EBCFDC-BEAC-35F4-B446-B2B7968A0527}
	EndProjectSection
EndProject
Project("{8BC9CEB8-8B4A-11D0-8D11-00A0C91BC942}") = "macrobenchmark", "macrobenchmark.vcxproj", "{1B6A68D2-79F9-375E-AFEE-FA9564DFA45A}"
	ProjectSection(ProjectDependencies) = postProject
		{C5EBCFDC-BEAC-35F4-B446-B2B7968A0527} = {C5EBCFDC-BEAC-35F4-B446-B2B7968A0527}
		{79A253A4-0A01-36CB-A715-F112AD6F75FD} = {79A253A4-0A01-36CB-A715-F112AD6F75FD}
	EndProjectSection
EndProject
Project("{8BC9CEB8-8B4A-11D0-8D11-00A0C91BC942}") = "microbenchmarks", "microbenchmarks.vcxproj", "{1C447441-971D-37FC-8DD4-7B1841183E18}"
	ProjectSection(ProjectDependencies) = postProject
		{C5EBCFDC-BEAC-35F4-B446-B2B7968A0527} = {C5EBCFDC-BEAC-35F4-B446-B2B7968A0527}
		{79A253A4-0A01-36CB-A715-F112AD6F75FD} = {79A253A4-0A01-36CB-A715-F112AD6F75FD}
	EndProjectSection
EndProject
Project("{8BC9CEB8-8B4A-11D0-8D11-00A0C91BC942}") = "tests", "tests.vcxproj", "{38270FB0-0659-310A-9273-F3570B8F7585}"
	ProjectSection(ProjectDependencies) = postProject
		{C5EBCFDC-BEAC-35F4-B446-B2B7968A0527} = {C5EBCFDC-BEAC-35F4-B446-B2B7968A0527}
		{3BAD5060-7EE0-38DE-8D00-03A75890872E} = {3BAD5060-7EE0-38DE-8D00-03A75890872E}
	EndProjectSection
EndProject
Global
	GlobalSection(SolutionConfigurationPlatforms) = preSolution
		Debug|x64 = Debug|x64
		Release|x64 = Release|x64
		MinSizeRel|x64 = MinSizeRel|x64
		RelWithDebInfo|x64 = RelWithDebInfo|x64
	EndGlobalSection
	GlobalSection(ProjectConfigurationPlatforms) = postSolution
		{A1AE2426-0A47-37E5-8124-10CF186A7D39}.Debug|x64.ActiveCfg = Debug|x64
		{A1AE2426-0A47-37E5-8124-10CF186A7D39}.Release|x64.ActiveCfg = Release|x64
		{A1AE2426-0A47-37E5-8124-10CF186A7D39}.MinSizeRel|x64.ActiveCfg = MinSizeRel|x64
		{A1AE2426-0A47-37E5-8124-10CF186A7D39}.RelWithDebInfo|x64.ActiveCfg = RelWithDebInfo|x64
		{C5EBCFDC-BEAC-35F4-B446-B2B7968A0527}.Debug|x64.ActiveCfg = Debug|x64
		{C5EBCFDC-BEAC-35F4-B446-B2B7968A0527}.Debug|x64.Build.0 = Debug|x64
		{C5EBCFDC-BEAC-35F4-B446-B2B7968A0527}.Release|x64.ActiveCfg = Release|x64
		{C5EBCFDC-BEAC-35F4-B446-B2B7968A0527}.Release|x64.Build.0 = Release|x64
		{C5EBCFDC-BEAC-35F4-B446-B2B7968A0527}.MinSizeRel|x64.ActiveCfg = MinSizeRel|x64
		{C5EBCFDC-BEAC-35F4-B446-B2B7968A0527}.MinSizeRel|x64.Build.0 = MinSizeRel|x64
		{C5EBCFDC-BEAC-35F4-B446-B2B7968A0527}.RelWithDebInfo|x64.ActiveCfg = RelWithDebInfo|x64
		{C5EBCFDC-BEAC-35F4-B446-B2B7968A0527}.RelWithDebInfo|x64.Build.0 = RelWithDebInfo|x64
		{3BAD5060-7EE0-38DE-8D00-03A75890872E}.Debug|x64.ActiveCfg = Debug|x64
		{3BAD5060-7EE0-38DE-8D00-03A75890872E}.Debug|x64.Build.0 = Debug|x64
		{3BAD5060-7EE0-38DE-8D00-03A75890872E}.Release|x64.ActiveCfg = Release|x64
		{3BAD5060-7EE0-38DE-8D00-03A75890872E}.Release|x64.Build.0 = Release|x64
		{3BAD5060-7EE0-38DE-8D00-03A75890872E}.MinSizeRel|x64.ActiveCfg = MinSizeRel|x64
		{3BAD5060-7EE0-38DE-8D00-03A75890872E}.MinSizeRel|x64.Build.0 = MinSizeRel|x64
		{3BAD5060-7EE0-38DE-8D00-03A75890872E}.RelWithDebInfo|x64.ActiveCfg = RelWithDebInfo|x64
		{3BAD5060-7EE0-38DE-8D00-03A75890872E}.RelWithDebInfo|x64.Build.0 = RelWithDebInfo|x64
		{79A253A4-0A01-36CB-A715-F112AD6F75FD}.Debug|x64.ActiveCfg = Debug|x64
		{79A253A4-0A01-36CB-A715-F112AD6F75FD}.Debug|x64.Build.0 = Debug|x64
		{79A253A4-0A01-36CB-A715-F112AD6F75FD}.Release|x64.ActiveCfg = Release|x64
		{79A253A4-0A01-36CB-A715-F112AD6F75FD}.Release|x64.Build.0 = Release|x64
		{79A253A4-0A01-36CB-A715-F112AD6F75FD}.MinSizeRel|x64.ActiveCfg = MinSizeRel|x64
		{79A253A4-0A01-36CB-A715-F112AD6F75FD}.MinSizeRel|x64.Build.0 = MinSizeRel|x64
		{79A253A4-0A01-36CB-A715-F112AD6F75FD}.RelWithDebInfo|x64.ActiveCfg = RelWithDebInfo|x64
		{79A253A4-0A01-36CB-A715-F112AD6F75FD}.RelWithDebInfo|x64.Build.0 = RelWithDebInfo|x64
		{1B6A68D2-79F9-375E-AFEE-FA9564DFA45A}.Debug|x64.ActiveCfg = Debug|x64
		{1B6A68D2-79F9-375E-AFEE-FA9564DFA45A}.Debug|x64.Build.0 = Debug|x64
		{1B6A68D2-79F9-375E-AFEE-FA9564DFA45A}.Release|x64.ActiveCfg = Release|x64
		{1B6A68D2-79F9-375E-AFEE-FA9564DFA45A}.Release|x64.Build.0 = Release|x64
		{1B6A68D2-79F9-375E-AFEE-FA9564DFA45A}.MinSizeRel|x64.ActiveCfg = MinSizeRel|x64
		{1B6A68D2-79F9-375E-AFEE-FA9564DFA45A}.MinSizeRel|x64.Build.0 = MinSizeRel|x64
		{1B6A68D2-79F9-375E-AFEE-FA9564DFA45A}.RelWithDebInfo|x64.ActiveCfg = RelWithDebInfo|x64
		{1B6A68D2-79F9-375E-AFEE-FA9564DFA45A}.RelWithDebInfo|x64.Build.0 = RelWithDebInfo|x64
		{1C447441-971D-37FC-8DD4-7B1841183E18}.Debug|x64.ActiveCfg = Debug|x64
		{1C447441-971D-37FC-8DD4-7B1841183E18}.Debug|x64.Build.0 = Debug|x64
		{1C447441-971D-37FC-8DD4-7B1841183E18}.Release|x64.ActiveCfg = Release|x64
		{1C447441-971D-37FC-8DD4-7B1841183E18}.Release|x64.Build.0 = Release|x64
		{1C447441-971D-37FC-8DD4-7B1841183E18}.MinSizeRel|x64.ActiveCfg = MinSizeRel|x64
		{1C447441-971D-37FC-8DD4-7B1841183E18}.MinSizeRel|x64.Build.0 = MinSizeRel|x64
		{1C447441-971D-37FC-8DD4-7B1841183E18}.RelWithDebInfo|x64.ActiveCfg = RelWithDebInfo|x64
		{1C447441-971D-37FC-8DD4-7B1841183E18}.RelWithDebInfo|x64.Build.0 = RelWithDebInfo|x64
		{38270FB0-0659-310A-9273-F3570B8F7585}.Debug|x64.ActiveCfg = Debug|x64
		{38270FB0-0659-310A-9273-F3570B8F7585}.Debug|x64.Build.0 = Debug|x64
		{38270FB0-0659-310A-9273-F3570B8F7585}.Release|x64.ActiveCfg = Release|x64
		{38270FB0-0659-310A-9273-F3570B8F7585}.Release|x64.Build.0 = Release|x64
		{38270FB0-0659-310A-9273-F3570B8F7585}.MinSizeRel|x64.ActiveCfg = MinSizeRel|x64
		{38270FB0-0659-310A-9273-F3570B8F7585}.MinSizeRel|x64.Build.0 = MinSizeRel|x64
		{38270FB0-0659-310A-9273-F3570B8F7585}.RelWithDebInfo|x64.ActiveCfg = RelWithDebInfo|x64
		{38270FB0-0659-310A-9273-F3570B8F7585}.RelWithDebInfo|x64.Build.0 = RelWithDebInfo|x64
	EndGlobalSection
	GlobalSection(ExtensibilityGlobals) = postSolution
		SolutionGuid = {9E9B8BA3-34DC-36F2-98ED-CB8EA39FF938}
	EndGlobalSection
	GlobalSection(ExtensibilityAddIns) = postSolution
	EndGlobalSection
EndGlobal
