Microsoft Visual Studio Solution File, Format Version 12.00
# Visual Studio 16
Project("{8BC9CEB8-8B4A-11D0-8D11-00A0C91BC942}") = "ALL_BUILD", "ALL_BUILD.vcxproj", "{CAF03987-EFA4-34DE-8085-10E17A41301B}"
	ProjectSection(ProjectDependencies) = postProject
		{604B7FD6-123C-31C0-B5C2-AE37D23546F5} = {604B7FD6-123C-31C0-B5C2-AE37D23546F5}
		{9C735622-A288-3D67-B2EE-613B78EEECBB} = {9C735622-A288-3D67-B2EE-613B78EEECBB}
		{D756D3A5-C8D4-3BA8-BE7D-12D2D0BD2DA7} = {D756D3A5-C8D4-3BA8-BE7D-12D2D0BD2DA7}
		{AFAF6495-BB91-3FAC-9394-996C92DE5A2E} = {AFAF6495-BB91-3FAC-9394-996C92DE5A2E}
		{8ABA5413-78EA-31E6-9972-24DE35AA547B} = {8ABA5413-78EA-31E6-9972-24DE35AA547B}
		{5B8275D8-83C2-3FBE-A33F-425AC3250529} = {5B8275D8-83C2-3FBE-A33F-425AC3250529}
	EndProjectSection
EndProject
Project("{8BC9CEB8-8B4A-11D0-8D11-00A0C91BC942}") = "ZERO_CHECK", "ZERO_CHECK.vcxproj", "{604B7FD6-123C-31C0-B5C2-AE37D23546F5}"
	ProjectSection(ProjectDependencies) = postProject
	EndProjectSection
EndProject
Project("{8BC9CEB8-8B4A-11D0-8D11-00A0C91BC942}") = "catch2", "catch2.vcxproj", "{9C735622-A288-3D67-B2EE-613B78EEECBB}"
	ProjectSection(ProjectDependencies) = postProject
		{604B7FD6-123C-31C0-B5C2-AE37D23546F5} = {604B7FD6-123C-31C0-B5C2-AE37D23546F5}
	EndProjectSection
EndProject
Project("{8BC9CEB8-8B4A-11D0-8D11-00A0C91BC942}") = "googlebenchmark", "googlebenchmark.vcxproj", "{D756D3A5-C8D4-3BA8-BE7D-12D2D0BD2DA7}"
	ProjectSection(ProjectDependencies) = postProject
		{604B7FD6-123C-31C0-B5C2-AE37D23546F5} = {604B7FD6-123C-31C0-B5C2-AE37D23546F5}
	EndProjectSection
EndProject
Project("{8BC9CEB8-8B4A-11D0-8D11-00A0C91BC942}") = "macrobenchmark", "macrobenchmark.vcxproj", "{AFAF6495-BB91-3FAC-9394-996C92DE5A2E}"
	ProjectSection(ProjectDependencies) = postProject
		{604B7FD6-123C-31C0-B5C2-AE37D23546F5} = {604B7FD6-123C-31C0-B5C2-AE37D23546F5}
		{D756D3A5-C8D4-3BA8-BE7D-12D2D0BD2DA7} = {D756D3A5-C8D4-3BA8-BE7D-12D2D0BD2DA7}
	EndProjectSection
EndProject
Project("{8BC9CEB8-8B4A-11D0-8D11-00A0C91BC942}") = "microbenchmarks", "microbenchmarks.vcxproj", "{8ABA5413-78EA-31E6-9972-24DE35AA547B}"
	ProjectSection(ProjectDependencies) = postProject
		{604B7FD6-123C-31C0-B5C2-AE37D23546F5} = {604B7FD6-123C-31C0-B5C2-AE37D23546F5}
		{D756D3A5-C8D4-3BA8-BE7D-12D2D0BD2DA7} = {D756D3A5-C8D4-3BA8-BE7D-12D2D0BD2DA7}
	EndProjectSection
EndProject
Project("{8BC9CEB8-8B4A-11D0-8D11-00A0C91BC942}") = "tests", "tests.vcxproj", "{5B8275D8-83C2-3FBE-A33F-425AC3250529}"
	ProjectSection(ProjectDependencies) = postProject
		{604B7FD6-123C-31C0-B5C2-AE37D23546F5} = {604B7FD6-123C-31C0-B5C2-AE37D23546F5}
		{9C735622-A288-3D67-B2EE-613B78EEECBB} = {9C735622-A288-3D67-B2EE-613B78EEECBB}
	EndProjectSection
EndProject
Global
	GlobalSection(SolutionConfigurationPlatforms) = preSolution
		Debug|x64 = Debug|x64
		Release|x64 = Release|x64
		MinSizeRel|x64 = MinSizeRel|x64
		RelWithDebInfo|x64 = RelWithDebInfo|x64
	EndGlobalSection
	GlobalSection(ProjectConfigurationPlatforms) = postSolution
		{CAF03987-EFA4-34DE-8085-10E17A41301B}.Debug|x64.ActiveCfg = Debug|x64
		{CAF03987-EFA4-34DE-8085-10E17A41301B}.Release|x64.ActiveCfg = Release|x64
		{CAF03987-EFA4-34DE-8085-10E17A41301B}.MinSizeRel|x64.ActiveCfg = MinSizeRel|x64
		{CAF03987-EFA4-34DE-8085-10E17A41301B}.RelWithDebInfo|x64.ActiveCfg = RelWithDebInfo|x64
		{604B7FD6-123C-31C0-B5C2-AE37D23546F5}.Debug|x64.ActiveCfg = Debug|x64
		{604B7FD6-123C-31C0-B5C2-AE37D23546F5}.Debug|x64.Build.0 = Debug|x64
		{604B7FD6-123C-31C0-B5C2-AE37D23546F5}.Release|x64.ActiveCfg = Release|x64
		{604B7FD6-123C-31C0-B5C2-AE37D23546F5}.Release|x64.Build.0 = Release|x64
		{604B7FD6-123C-31C0-B5C2-AE37D23546F5}.MinSizeRel|x64.ActiveCfg = MinSizeRel|x64
		{604B7FD6-123C-31C0-B5C2-AE37D23546F5}.MinSizeRel|x64.Build.0 = MinSizeRel|x64
		{604B7FD6-123C-31C0-B5C2-AE37D23546F5}.RelWithDebInfo|x64.ActiveCfg = RelWithDebInfo|x64
		{604B7FD6-123C-31C0-B5C2-AE37D23546F5}.RelWithDebInfo|x64.Build.0 = RelWithDebInfo|x64
		{9C735622-A288-3D67-B2EE-613B78EEECBB}.Debug|x64.ActiveCfg = Debug|x64
		{9C735622-A288-3D67-B2EE-613B78EEECBB}.Debug|x64.Build.0 = Debug|x64
		{9C735622-A288-3D67-B2EE-613B78EEECBB}.Release|x64.ActiveCfg = Release|x64
		{9C735622-A288-3D67-B2EE-613B78EEECBB}.Release|x64.Build.0 = Release|x64
		{9C735622-A288-3D67-B2EE-613B78EEECBB}.MinSizeRel|x64.ActiveCfg = MinSizeRel|x64
		{9C735622-A288-3D67-B2EE-613B78EEECBB}.MinSizeRel|x64.Build.0 = MinSizeRel|x64
		{9C735622-A288-3D67-B2EE-613B78EEECBB}.RelWithDebInfo|x64.ActiveCfg = RelWithDebInfo|x64
		{9C735622-A288-3D67-B2EE-613B78EEECBB}.RelWithDebInfo|x64.Build.0 = RelWithDebInfo|x64
		{D756D3A5-C8D4-3BA8-BE7D-12D2D0BD2DA7}.Debug|x64.ActiveCfg = Debug|x64
		{D756D3A5-C8D4-3BA8-BE7D-12D2D0BD2DA7}.Debug|x64.Build.0 = Debug|x64
		{D756D3A5-C8D4-3BA8-BE7D-12D2D0BD2DA7}.Release|x64.ActiveCfg = Release|x64
		{D756D3A5-C8D4-3BA8-BE7D-12D2D0BD2DA7}.Release|x64.Build.0 = Release|x64
		{D756D3A5-C8D4-3BA8-BE7D-12D2D0BD2DA7}.MinSizeRel|x64.ActiveCfg = MinSizeRel|x64
		{D756D3A5-C8D4-3BA8-BE7D-12D2D0BD2DA7}.MinSizeRel|x64.Build.0 = MinSizeRel|x64
		{D756D3A5-C8D4-3BA8-BE7D-12D2D0BD2DA7}.RelWithDebInfo|x64.ActiveCfg = RelWithDebInfo|x64
		{D756D3A5-C8D4-3BA8-BE7D-12D2D0BD2DA7}.RelWithDebInfo|x64.Build.0 = RelWithDebInfo|x64
		{AFAF6495-BB91-3FAC-9394-996C92DE5A2E}.Debug|x64.ActiveCfg = Debug|x64
		{AFAF6495-BB91-3FAC-9394-996C92DE5A2E}.Debug|x64.Build.0 = Debug|x64
		{AFAF6495-BB91-3FAC-9394-996C92DE5A2E}.Release|x64.ActiveCfg = Release|x64
		{AFAF6495-BB91-3FAC-9394-996C92DE5A2E}.Release|x64.Build.0 = Release|x64
		{AFAF6495-BB91-3FAC-9394-996C92DE5A2E}.MinSizeRel|x64.ActiveCfg = MinSizeRel|x64
		{AFAF6495-BB91-3FAC-9394-996C92DE5A2E}.MinSizeRel|x64.Build.0 = MinSizeRel|x64
		{AFAF6495-BB91-3FAC-9394-996C92DE5A2E}.RelWithDebInfo|x64.ActiveCfg = RelWithDebInfo|x64
		{AFAF6495-BB91-3FAC-9394-996C92DE5A2E}.RelWithDebInfo|x64.Build.0 = RelWithDebInfo|x64
		{8ABA5413-78EA-31E6-9972-24DE35AA547B}.Debug|x64.ActiveCfg = Debug|x64
		{8ABA5413-78EA-31E6-9972-24DE35AA547B}.Debug|x64.Build.0 = Debug|x64
		{8ABA5413-78EA-31E6-9972-24DE35AA547B}.Release|x64.ActiveCfg = Release|x64
		{8ABA5413-78EA-31E6-9972-24DE35AA547B}.Release|x64.Build.0 = Release|x64
		{8ABA5413-78EA-31E6-9972-24DE35AA547B}.MinSizeRel|x64.ActiveCfg = MinSizeRel|x64
		{8ABA5413-78EA-31E6-9972-24DE35AA547B}.MinSizeRel|x64.Build.0 = MinSizeRel|x64
		{8ABA5413-78EA-31E6-9972-24DE35AA547B}.RelWithDebInfo|x64.ActiveCfg = RelWithDebInfo|x64
		{8ABA5413-78EA-31E6-9972-24DE35AA547B}.RelWithDebInfo|x64.Build.0 = RelWithDebInfo|x64
		{5B8275D8-83C2-3FBE-A33F-425AC3250529}.Debug|x64.ActiveCfg = Debug|x64
		{5B8275D8-83C2-3FBE-A33F-425AC3250529}.Debug|x64.Build.0 = Debug|x64
		{5B8275D8-83C2-3FBE-A33F-425AC3250529}.Release|x64.ActiveCfg = Release|x64
		{5B8275D8-83C2-3FBE-A33F-425AC3250529}.Release|x64.Build.0 = Release|x64
		{5B8275D8-83C2-3FBE-A33F-425AC3250529}.MinSizeRel|x64.ActiveCfg = MinSizeRel|x64
		{5B8275D8-83C2-3FBE-A33F-425AC3250529}.MinSizeRel|x64.Build.0 = MinSizeRel|x64
		{5B8275D8-83C2-3FBE-A33F-425AC3250529}.RelWithDebInfo|x64.ActiveCfg = RelWithDebInfo|x64
		{5B8275D8-83C2-3FBE-A33F-425AC3250529}.RelWithDebInfo|x64.Build.0 = RelWithDebInfo|x64
	EndGlobalSection
	GlobalSection(ExtensibilityGlobals) = postSolution
		SolutionGuid = {6EFF39E8-1A85-33A9-A445-52E6126736A9}
	EndGlobalSection
	GlobalSection(ExtensibilityAddIns) = postSolution
	EndGlobalSection
EndGlobal
