<?xml version="1.0" encoding="utf-8"?>
<Project ToolsVersion="16.0" xmlns="http://schemas.microsoft.com/developer/msbuild/2003">
  <ItemGroup>
    <CustomBuild Include="C:\Users\Dell\Desktop\School\Year 3\CO572\co572-coursework\Release\CMakeFiles\154d0b6fce34772c8b744e88b21cb3b8\googlebenchmark-mkdir.rule">
      <Filter>CMake Rules</Filter>
    </CustomBuild>
    <CustomBuild Include="C:\Users\Dell\Desktop\School\Year 3\CO572\co572-coursework\Release\CMakeFiles\154d0b6fce34772c8b744e88b21cb3b8\googlebenchmark-download.rule">
      <Filter>CMake Rules</Filter>
    </CustomBuild>
    <CustomBuild Include="C:\Users\Dell\Desktop\School\Year 3\CO572\co572-coursework\Release\CMakeFiles\154d0b6fce34772c8b744e88b21cb3b8\googlebenchmark-update.rule">
      <Filter>CMake Rules</Filter>
    </CustomBuild>
    <CustomBuild Include="C:\Users\Dell\Desktop\School\Year 3\CO572\co572-coursework\Release\CMakeFiles\154d0b6fce34772c8b744e88b21cb3b8\googlebenchmark-patch.rule">
      <Filter>CMake Rules</Filter>
    </CustomBuild>
    <CustomBuild Include="C:\Users\Dell\Desktop\School\Year 3\CO572\co572-coursework\Release\CMakeFiles\154d0b6fce34772c8b744e88b21cb3b8\googlebenchmark-configure.rule">
      <Filter>CMake Rules</Filter>
    </CustomBuild>
    <CustomBuild Include="C:\Users\Dell\Desktop\School\Year 3\CO572\co572-coursework\Release\CMakeFiles\154d0b6fce34772c8b744e88b21cb3b8\googlebenchmark-build.rule">
      <Filter>CMake Rules</Filter>
    </CustomBuild>
    <CustomBuild Include="C:\Users\Dell\Desktop\School\Year 3\CO572\co572-coursework\Release\CMakeFiles\154d0b6fce34772c8b744e88b21cb3b8\googlebenchmark-install.rule">
      <Filter>CMake Rules</Filter>
    </CustomBuild>
    <CustomBuild Include="C:\Users\Dell\Desktop\School\Year 3\CO572\co572-coursework\Release\CMakeFiles\8fed65f312ae17a64b23ac6f34004fc9\googlebenchmark-complete.rule">
      <Filter>CMake Rules</Filter>
    </CustomBuild>
    <CustomBuild Include="C:\Users\Dell\Desktop\School\Year 3\CO572\co572-coursework\Release\CMakeFiles\928ca61771083bc742ad0b21ff4aa21c\googlebenchmark.rule">
      <Filter>CMake Rules</Filter>
    </CustomBuild>
    <CustomBuild Include="C:\Users\Dell\Desktop\School\Year 3\CO572\co572-coursework\CMakeLists.txt" />
  </ItemGroup>
  <ItemGroup>
    <None Include="C:\Users\Dell\Desktop\School\Year 3\CO572\co572-coursework\Release\CMakeFiles\googlebenchmark" />
  </ItemGroup>
  <ItemGroup>
    <Filter Include="CMake Rules">
      <UniqueIdentifier>{3F6E42D8-0BDB-353F-82DC-3E70AC6F059B}</UniqueIdentifier>
    </Filter>
  </ItemGroup>
</Project>
