<?xml version="1.0" encoding="utf-8"?>
<Project ToolsVersion="16.0" xmlns="http://schemas.microsoft.com/developer/msbuild/2003">
  <ItemGroup>
    <CustomBuild Include="C:\Users\Dell\Desktop\School\Year 3\CO572\co572-coursework\Debug\googlebenchmark-prefix\src\googlebenchmark-build\CMakeFiles\b8a1d119a06d2643532e33f5b29d4684\INSTALL_force.rule">
      <Filter>CMake Rules</Filter>
    </CustomBuild>
  </ItemGroup>
  <ItemGroup>
    <Filter Include="CMake Rules">
      <UniqueIdentifier>{15095379-A1FB-3FDB-982F-115F3E41EE1E}</UniqueIdentifier>
    </Filter>
  </ItemGroup>
</Project>
