Microsoft Visual Studio Solution File, Format Version 12.00
# Visual Studio 16
Project("{8BC9CEB8-8B4A-11D0-8D11-00A0C91BC942}") = "ALL_BUILD", "ALL_BUILD.vcxproj", "{F158463D-C46D-368F-844E-5724AEA4C773}"
	ProjectSection(ProjectDependencies) = postProject
		{30529204-B3D0-3411-BD79-9C75DC494474} = {30529204-B3D0-3411-BD79-9C75DC494474}
		{ACDB097A-32BD-3CDA-BF01-36ECB65BA04C} = {ACDB097A-32BD-3CDA-BF01-36ECB65BA04C}
		{20E5A75C-5B8C-318E-A0E1-1D7A5836F320} = {20E5A75C-5B8C-318E-A0E1-1D7A5836F320}
		{C559817B-BAE4-34D6-AF51-12BAA25C593E} = {C559817B-BAE4-34D6-AF51-12BAA25C593E}
		{CD2B9535-2C08-38F4-BAE1-F13EA1FC57EC} = {CD2B9535-2C08-38F4-BAE1-F13EA1FC57EC}
		{86AB8B08-4381-3459-AE85-C55D59F5826E} = {86AB8B08-4381-3459-AE85-C55D59F5826E}
		{4677A2D8-AD1D-3D0C-8108-4227D196A102} = {4677A2D8-AD1D-3D0C-8108-4227D196A102}
		{68E94720-2CBB-37F7-A96F-FEF8345F0C63} = {68E94720-2CBB-37F7-A96F-FEF8345F0C63}
		{2E92E461-A06F-36D5-A60F-86EBECEFB397} = {2E92E461-A06F-36D5-A60F-86EBECEFB397}
		{719550E6-219B-38B9-9981-953F52C69473} = {719550E6-219B-38B9-9981-953F52C69473}
		{F397C9EB-45DA-3BBA-B2C1-5ED4498AF488} = {F397C9EB-45DA-3BBA-B2C1-5ED4498AF488}
		{B32B9288-2A21-348F-8A6E-59CC25B8F66D} = {B32B9288-2A21-348F-8A6E-59CC25B8F66D}
		{16663A17-06C6-35DD-A375-0346BC6A25F8} = {16663A17-06C6-35DD-A375-0346BC6A25F8}
		{D1B5B433-0EF9-3558-A5B5-BC58F0E24FA4} = {D1B5B433-0EF9-3558-A5B5-BC58F0E24FA4}
		{4925BBE5-F8A5-3D5F-9107-7F1FF637AAC1} = {4925BBE5-F8A5-3D5F-9107-7F1FF637AAC1}
		{5DEC6837-572E-38CC-A766-5B2CE356D526} = {5DEC6837-572E-38CC-A766-5B2CE356D526}
		{FBBD7FC0-1BA7-3989-AA45-FB282B8D0F62} = {FBBD7FC0-1BA7-3989-AA45-FB282B8D0F62}
		{E1D6CC5E-5657-3B17-926B-C9B499DEB6E8} = {E1D6CC5E-5657-3B17-926B-C9B499DEB6E8}
		{198B407B-B092-3BD7-A5B5-78FABB62229B} = {198B407B-B092-3BD7-A5B5-78FABB62229B}
		{AA2DDD02-E37D-39ED-B41B-D1AA3C454B25} = {AA2DDD02-E37D-39ED-B41B-D1AA3C454B25}
		{A6D89C53-BDFD-3701-ABE6-C12A1695A4DC} = {A6D89C53-BDFD-3701-ABE6-C12A1695A4DC}
		{58BFDE90-C990-3877-AD22-0A0BD985A899} = {58BFDE90-C990-3877-AD22-0A0BD985A899}
		{BD83D1CE-0C13-35C3-A5F5-6BAFDA13ED9C} = {BD83D1CE-0C13-35C3-A5F5-6BAFDA13ED9C}
		{E8B22BB5-E316-3293-97B9-ED8533419751} = {E8B22BB5-E316-3293-97B9-ED8533419751}
		{BB506A11-A483-34C3-93F8-4DF64CB30EF1} = {BB506A11-A483-34C3-93F8-4DF64CB30EF1}
		{5FD3CCC3-B05D-3F27-AFA1-CC6B6F72E34B} = {5FD3CCC3-B05D-3F27-AFA1-CC6B6F72E34B}
	EndProjectSection
EndProject
Project("{8BC9CEB8-8B4A-11D0-8D11-00A0C91BC942}") = "INSTALL", "INSTALL.vcxproj", "{E21CBD6A-803E-34E7-B5CD-24CD16384458}"
	ProjectSection(ProjectDependencies) = postProject
		{F158463D-C46D-368F-844E-5724AEA4C773} = {F158463D-C46D-368F-844E-5724AEA4C773}
		{30529204-B3D0-3411-BD79-9C75DC494474} = {30529204-B3D0-3411-BD79-9C75DC494474}
	EndProjectSection
EndProject
Project("{8BC9CEB8-8B4A-11D0-8D11-00A0C91BC942}") = "RUN_TESTS", "RUN_TESTS.vcxproj", "{830D1B34-2FED-3448-8916-C081D8FC4450}"
	ProjectSection(ProjectDependencies) = postProject
		{30529204-B3D0-3411-BD79-9C75DC494474} = {30529204-B3D0-3411-BD79-9C75DC494474}
	EndProjectSection
EndProject
Project("{8BC9CEB8-8B4A-11D0-8D11-00A0C91BC942}") = "ZERO_CHECK", "ZERO_CHECK.vcxproj", "{30529204-B3D0-3411-BD79-9C75DC494474}"
	ProjectSection(ProjectDependencies) = postProject
	EndProjectSection
EndProject
Project("{8BC9CEB8-8B4A-11D0-8D11-00A0C91BC942}") = "basic_test", "test\basic_test.vcxproj", "{ACDB097A-32BD-3CDA-BF01-36ECB65BA04C}"
	ProjectSection(ProjectDependencies) = postProject
		{30529204-B3D0-3411-BD79-9C75DC494474} = {30529204-B3D0-3411-BD79-9C75DC494474}
		{20E5A75C-5B8C-318E-A0E1-1D7A5836F320} = {20E5A75C-5B8C-318E-A0E1-1D7A5836F320}
	EndProjectSection
EndProject
Project("{8BC9CEB8-8B4A-11D0-8D11-00A0C91BC942}") = "benchmark", "src\benchmark.vcxproj", "{20E5A75C-5B8C-318E-A0E1-1D7A5836F320}"
	ProjectSection(ProjectDependencies) = postProject
		{30529204-B3D0-3411-BD79-9C75DC494474} = {30529204-B3D0-3411-BD79-9C75DC494474}
	EndProjectSection
EndProject
Project("{8BC9CEB8-8B4A-11D0-8D11-00A0C91BC942}") = "benchmark_main", "src\benchmark_main.vcxproj", "{C559817B-BAE4-34D6-AF51-12BAA25C593E}"
	ProjectSection(ProjectDependencies) = postProject
		{30529204-B3D0-3411-BD79-9C75DC494474} = {30529204-B3D0-3411-BD79-9C75DC494474}
		{20E5A75C-5B8C-318E-A0E1-1D7A5836F320} = {20E5A75C-5B8C-318E-A0E1-1D7A5836F320}
	EndProjectSection
EndProject
Project("{8BC9CEB8-8B4A-11D0-8D11-00A0C91BC942}") = "benchmark_test", "test\benchmark_test.vcxproj", "{CD2B9535-2C08-38F4-BAE1-F13EA1FC57EC}"
	ProjectSection(ProjectDependencies) = postProject
		{30529204-B3D0-3411-BD79-9C75DC494474} = {30529204-B3D0-3411-BD79-9C75DC494474}
		{20E5A75C-5B8C-318E-A0E1-1D7A5836F320} = {20E5A75C-5B8C-318E-A0E1-1D7A5836F320}
	EndProjectSection
EndProject
Project("{8BC9CEB8-8B4A-11D0-8D11-00A0C91BC942}") = "complexity_test", "test\complexity_test.vcxproj", "{86AB8B08-4381-3459-AE85-C55D59F5826E}"
	ProjectSection(ProjectDependencies) = postProject
		{30529204-B3D0-3411-BD79-9C75DC494474} = {30529204-B3D0-3411-BD79-9C75DC494474}
		{20E5A75C-5B8C-318E-A0E1-1D7A5836F320} = {20E5A75C-5B8C-318E-A0E1-1D7A5836F320}
		{E1D6CC5E-5657-3B17-926B-C9B499DEB6E8} = {E1D6CC5E-5657-3B17-926B-C9B499DEB6E8}
	EndProjectSection
EndProject
Project("{8BC9CEB8-8B4A-11D0-8D11-00A0C91BC942}") = "diagnostics_test", "test\diagnostics_test.vcxproj", "{4677A2D8-AD1D-3D0C-8108-4227D196A102}"
	ProjectSection(ProjectDependencies) = postProject
		{30529204-B3D0-3411-BD79-9C75DC494474} = {30529204-B3D0-3411-BD79-9C75DC494474}
		{20E5A75C-5B8C-318E-A0E1-1D7A5836F320} = {20E5A75C-5B8C-318E-A0E1-1D7A5836F320}
	EndProjectSection
EndProject
Project("{8BC9CEB8-8B4A-11D0-8D11-00A0C91BC942}") = "display_aggregates_only_test", "test\display_aggregates_only_test.vcxproj", "{68E94720-2CBB-37F7-A96F-FEF8345F0C63}"
	ProjectSection(ProjectDependencies) = postProject
		{30529204-B3D0-3411-BD79-9C75DC494474} = {30529204-B3D0-3411-BD79-9C75DC494474}
		{20E5A75C-5B8C-318E-A0E1-1D7A5836F320} = {20E5A75C-5B8C-318E-A0E1-1D7A5836F320}
		{E1D6CC5E-5657-3B17-926B-C9B499DEB6E8} = {E1D6CC5E-5657-3B17-926B-C9B499DEB6E8}
	EndProjectSection
EndProject
Project("{8BC9CEB8-8B4A-11D0-8D11-00A0C91BC942}") = "donotoptimize_test", "test\donotoptimize_test.vcxproj", "{2E92E461-A06F-36D5-A60F-86EBECEFB397}"
	ProjectSection(ProjectDependencies) = postProject
		{30529204-B3D0-3411-BD79-9C75DC494474} = {30529204-B3D0-3411-BD79-9C75DC494474}
		{20E5A75C-5B8C-318E-A0E1-1D7A5836F320} = {20E5A75C-5B8C-318E-A0E1-1D7A5836F320}
	EndProjectSection
EndProject
Project("{8BC9CEB8-8B4A-11D0-8D11-00A0C91BC942}") = "filter_test", "test\filter_test.vcxproj", "{719550E6-219B-38B9-9981-953F52C69473}"
	ProjectSection(ProjectDependencies) = postProject
		{30529204-B3D0-3411-BD79-9C75DC494474} = {30529204-B3D0-3411-BD79-9C75DC494474}
		{20E5A75C-5B8C-318E-A0E1-1D7A5836F320} = {20E5A75C-5B8C-318E-A0E1-1D7A5836F320}
	EndProjectSection
EndProject
Project("{8BC9CEB8-8B4A-11D0-8D11-00A0C91BC942}") = "fixture_test", "test\fixture_test.vcxproj", "{F397C9EB-45DA-3BBA-B2C1-5ED4498AF488}"
	ProjectSection(ProjectDependencies) = postProject
		{30529204-B3D0-3411-BD79-9C75DC494474} = {30529204-B3D0-3411-BD79-9C75DC494474}
		{20E5A75C-5B8C-318E-A0E1-1D7A5836F320} = {20E5A75C-5B8C-318E-A0E1-1D7A5836F320}
	EndProjectSection
EndProject
Project("{8BC9CEB8-8B4A-11D0-8D11-00A0C91BC942}") = "internal_threading_test", "test\internal_threading_test.vcxproj", "{B32B9288-2A21-348F-8A6E-59CC25B8F66D}"
	ProjectSection(ProjectDependencies) = postProject
		{30529204-B3D0-3411-BD79-9C75DC494474} = {30529204-B3D0-3411-BD79-9C75DC494474}
		{20E5A75C-5B8C-318E-A0E1-1D7A5836F320} = {20E5A75C-5B8C-318E-A0E1-1D7A5836F320}
		{E1D6CC5E-5657-3B17-926B-C9B499DEB6E8} = {E1D6CC5E-5657-3B17-926B-C9B499DEB6E8}
	EndProjectSection
EndProject
Project("{8BC9CEB8-8B4A-11D0-8D11-00A0C91BC942}") = "link_main_test", "test\link_main_test.vcxproj", "{16663A17-06C6-35DD-A375-0346BC6A25F8}"
	ProjectSection(ProjectDependencies) = postProject
		{30529204-B3D0-3411-BD79-9C75DC494474} = {30529204-B3D0-3411-BD79-9C75DC494474}
		{20E5A75C-5B8C-318E-A0E1-1D7A5836F320} = {20E5A75C-5B8C-318E-A0E1-1D7A5836F320}
		{C559817B-BAE4-34D6-AF51-12BAA25C593E} = {C559817B-BAE4-34D6-AF51-12BAA25C593E}
	EndProjectSection
EndProject
Project("{8BC9CEB8-8B4A-11D0-8D11-00A0C91BC942}") = "map_test", "test\map_test.vcxproj", "{D1B5B433-0EF9-3558-A5B5-BC58F0E24FA4}"
	ProjectSection(ProjectDependencies) = postProject
		{30529204-B3D0-3411-BD79-9C75DC494474} = {30529204-B3D0-3411-BD79-9C75DC494474}
		{20E5A75C-5B8C-318E-A0E1-1D7A5836F320} = {20E5A75C-5B8C-318E-A0E1-1D7A5836F320}
	EndProjectSection
EndProject
Project("{8BC9CEB8-8B4A-11D0-8D11-00A0C91BC942}") = "memory_manager_test", "test\memory_manager_test.vcxproj", "{4925BBE5-F8A5-3D5F-9107-7F1FF637AAC1}"
	ProjectSection(ProjectDependencies) = postProject
		{30529204-B3D0-3411-BD79-9C75DC494474} = {30529204-B3D0-3411-BD79-9C75DC494474}
		{20E5A75C-5B8C-318E-A0E1-1D7A5836F320} = {20E5A75C-5B8C-318E-A0E1-1D7A5836F320}
		{E1D6CC5E-5657-3B17-926B-C9B499DEB6E8} = {E1D6CC5E-5657-3B17-926B-C9B499DEB6E8}
	EndProjectSection
EndProject
Project("{8BC9CEB8-8B4A-11D0-8D11-00A0C91BC942}") = "multiple_ranges_test", "test\multiple_ranges_test.vcxproj", "{5DEC6837-572E-38CC-A766-5B2CE356D526}"
	ProjectSection(ProjectDependencies) = postProject
		{30529204-B3D0-3411-BD79-9C75DC494474} = {30529204-B3D0-3411-BD79-9C75DC494474}
		{20E5A75C-5B8C-318E-A0E1-1D7A5836F320} = {20E5A75C-5B8C-318E-A0E1-1D7A5836F320}
	EndProjectSection
EndProject
Project("{8BC9CEB8-8B4A-11D0-8D11-00A0C91BC942}") = "options_test", "test\options_test.vcxproj", "{FBBD7FC0-1BA7-3989-AA45-FB282B8D0F62}"
	ProjectSection(ProjectDependencies) = postProject
		{30529204-B3D0-3411-BD79-9C75DC494474} = {30529204-B3D0-3411-BD79-9C75DC494474}
		{20E5A75C-5B8C-318E-A0E1-1D7A5836F320} = {20E5A75C-5B8C-318E-A0E1-1D7A5836F320}
	EndProjectSection
EndProject
Project("{8BC9CEB8-8B4A-11D0-8D11-00A0C91BC942}") = "output_test_helper", "test\output_test_helper.vcxproj", "{E1D6CC5E-5657-3B17-926B-C9B499DEB6E8}"
	ProjectSection(ProjectDependencies) = postProject
		{30529204-B3D0-3411-BD79-9C75DC494474} = {30529204-B3D0-3411-BD79-9C75DC494474}
	EndProjectSection
EndProject
Project("{8BC9CEB8-8B4A-11D0-8D11-00A0C91BC942}") = "register_benchmark_test", "test\register_benchmark_test.vcxproj", "{198B407B-B092-3BD7-A5B5-78FABB62229B}"
	ProjectSection(ProjectDependencies) = postProject
		{30529204-B3D0-3411-BD79-9C75DC494474} = {30529204-B3D0-3411-BD79-9C75DC494474}
		{20E5A75C-5B8C-318E-A0E1-1D7A5836F320} = {20E5A75C-5B8C-318E-A0E1-1D7A5836F320}
	EndProjectSection
EndProject
Project("{8BC9CEB8-8B4A-11D0-8D11-00A0C91BC942}") = "report_aggregates_only_test", "test\report_aggregates_only_test.vcxproj", "{AA2DDD02-E37D-39ED-B41B-D1AA3C454B25}"
	ProjectSection(ProjectDependencies) = postProject
		{30529204-B3D0-3411-BD79-9C75DC494474} = {30529204-B3D0-3411-BD79-9C75DC494474}
		{20E5A75C-5B8C-318E-A0E1-1D7A5836F320} = {20E5A75C-5B8C-318E-A0E1-1D7A5836F320}
		{E1D6CC5E-5657-3B17-926B-C9B499DEB6E8} = {E1D6CC5E-5657-3B17-926B-C9B499DEB6E8}
	EndProjectSection
EndProject
Project("{8BC9CEB8-8B4A-11D0-8D11-00A0C91BC942}") = "reporter_output_test", "test\reporter_output_test.vcxproj", "{A6D89C53-BDFD-3701-ABE6-C12A1695A4DC}"
	ProjectSection(ProjectDependencies) = postProject
		{30529204-B3D0-3411-BD79-9C75DC494474} = {30529204-B3D0-3411-BD79-9C75DC494474}
		{20E5A75C-5B8C-318E-A0E1-1D7A5836F320} = {20E5A75C-5B8C-318E-A0E1-1D7A5836F320}
		{E1D6CC5E-5657-3B17-926B-C9B499DEB6E8} = {E1D6CC5E-5657-3B17-926B-C9B499DEB6E8}
	EndProjectSection
EndProject
Project("{8BC9CEB8-8B4A-11D0-8D11-00A0C91BC942}") = "skip_with_error_test", "test\skip_with_error_test.vcxproj", "{58BFDE90-C990-3877-AD22-0A0BD985A899}"
	ProjectSection(ProjectDependencies) = postProject
		{30529204-B3D0-3411-BD79-9C75DC494474} = {30529204-B3D0-3411-BD79-9C75DC494474}
		{20E5A75C-5B8C-318E-A0E1-1D7A5836F320} = {20E5A75C-5B8C-318E-A0E1-1D7A5836F320}
	EndProjectSection
EndProject
Project("{8BC9CEB8-8B4A-11D0-8D11-00A0C91BC942}") = "templated_fixture_test", "test\templated_fixture_test.vcxproj", "{BD83D1CE-0C13-35C3-A5F5-6BAFDA13ED9C}"
	ProjectSection(ProjectDependencies) = postProject
		{30529204-B3D0-3411-BD79-9C75DC494474} = {30529204-B3D0-3411-BD79-9C75DC494474}
		{20E5A75C-5B8C-318E-A0E1-1D7A5836F320} = {20E5A75C-5B8C-318E-A0E1-1D7A5836F320}
		{E1D6CC5E-5657-3B17-926B-C9B499DEB6E8} = {E1D6CC5E-5657-3B17-926B-C9B499DEB6E8}
	EndProjectSection
EndProject
Project("{8BC9CEB8-8B4A-11D0-8D11-00A0C91BC942}") = "user_counters_tabular_test", "test\user_counters_tabular_test.vcxproj", "{E8B22BB5-E316-3293-97B9-ED8533419751}"
	ProjectSection(ProjectDependencies) = postProject
		{30529204-B3D0-3411-BD79-9C75DC494474} = {30529204-B3D0-3411-BD79-9C75DC494474}
		{20E5A75C-5B8C-318E-A0E1-1D7A5836F320} = {20E5A75C-5B8C-318E-A0E1-1D7A5836F320}
		{E1D6CC5E-5657-3B17-926B-C9B499DEB6E8} = {E1D6CC5E-5657-3B17-926B-C9B499DEB6E8}
	EndProjectSection
EndProject
Project("{8BC9CEB8-8B4A-11D0-8D11-00A0C91BC942}") = "user_counters_test", "test\user_counters_test.vcxproj", "{BB506A11-A483-34C3-93F8-4DF64CB30EF1}"
	ProjectSection(ProjectDependencies) = postProject
		{30529204-B3D0-3411-BD79-9C75DC494474} = {30529204-B3D0-3411-BD79-9C75DC494474}
		{20E5A75C-5B8C-318E-A0E1-1D7A5836F320} = {20E5A75C-5B8C-318E-A0E1-1D7A5836F320}
		{E1D6CC5E-5657-3B17-926B-C9B499DEB6E8} = {E1D6CC5E-5657-3B17-926B-C9B499DEB6E8}
	EndProjectSection
EndProject
Project("{8BC9CEB8-8B4A-11D0-8D11-00A0C91BC942}") = "user_counters_thousands_test", "test\user_counters_thousands_test.vcxproj", "{5FD3CCC3-B05D-3F27-AFA1-CC6B6F72E34B}"
	ProjectSection(ProjectDependencies) = postProject
		{30529204-B3D0-3411-BD79-9C75DC494474} = {30529204-B3D0-3411-BD79-9C75DC494474}
		{20E5A75C-5B8C-318E-A0E1-1D7A5836F320} = {20E5A75C-5B8C-318E-A0E1-1D7A5836F320}
		{E1D6CC5E-5657-3B17-926B-C9B499DEB6E8} = {E1D6CC5E-5657-3B17-926B-C9B499DEB6E8}
	EndProjectSection
EndProject
Global
	GlobalSection(SolutionConfigurationPlatforms) = preSolution
		Debug|x64 = Debug|x64
		Release|x64 = Release|x64
		MinSizeRel|x64 = MinSizeRel|x64
		RelWithDebInfo|x64 = RelWithDebInfo|x64
	EndGlobalSection
	GlobalSection(ProjectConfigurationPlatforms) = postSolution
		{F158463D-C46D-368F-844E-5724AEA4C773}.Debug|x64.ActiveCfg = Debug|x64
		{F158463D-C46D-368F-844E-5724AEA4C773}.Debug|x64.Build.0 = Debug|x64
		{F158463D-C46D-368F-844E-5724AEA4C773}.Release|x64.ActiveCfg = Release|x64
		{F158463D-C46D-368F-844E-5724AEA4C773}.Release|x64.Build.0 = Release|x64
		{F158463D-C46D-368F-844E-5724AEA4C773}.MinSizeRel|x64.ActiveCfg = MinSizeRel|x64
		{F158463D-C46D-368F-844E-5724AEA4C773}.MinSizeRel|x64.Build.0 = MinSizeRel|x64
		{F158463D-C46D-368F-844E-5724AEA4C773}.RelWithDebInfo|x64.ActiveCfg = RelWithDebInfo|x64
		{F158463D-C46D-368F-844E-5724AEA4C773}.RelWithDebInfo|x64.Build.0 = RelWithDebInfo|x64
		{E21CBD6A-803E-34E7-B5CD-24CD16384458}.Debug|x64.ActiveCfg = Debug|x64
		{E21CBD6A-803E-34E7-B5CD-24CD16384458}.Release|x64.ActiveCfg = Release|x64
		{E21CBD6A-803E-34E7-B5CD-24CD16384458}.MinSizeRel|x64.ActiveCfg = MinSizeRel|x64
		{E21CBD6A-803E-34E7-B5CD-24CD16384458}.RelWithDebInfo|x64.ActiveCfg = RelWithDebInfo|x64
		{830D1B34-2FED-3448-8916-C081D8FC4450}.Debug|x64.ActiveCfg = Debug|x64
		{830D1B34-2FED-3448-8916-C081D8FC4450}.Release|x64.ActiveCfg = Release|x64
		{830D1B34-2FED-3448-8916-C081D8FC4450}.MinSizeRel|x64.ActiveCfg = MinSizeRel|x64
		{830D1B34-2FED-3448-8916-C081D8FC4450}.RelWithDebInfo|x64.ActiveCfg = RelWithDebInfo|x64
		{30529204-B3D0-3411-BD79-9C75DC494474}.Debug|x64.ActiveCfg = Debug|x64
		{30529204-B3D0-3411-BD79-9C75DC494474}.Debug|x64.Build.0 = Debug|x64
		{30529204-B3D0-3411-BD79-9C75DC494474}.Release|x64.ActiveCfg = Release|x64
		{30529204-B3D0-3411-BD79-9C75DC494474}.Release|x64.Build.0 = Release|x64
		{30529204-B3D0-3411-BD79-9C75DC494474}.MinSizeRel|x64.ActiveCfg = MinSizeRel|x64
		{30529204-B3D0-3411-BD79-9C75DC494474}.MinSizeRel|x64.Build.0 = MinSizeRel|x64
		{30529204-B3D0-3411-BD79-9C75DC494474}.RelWithDebInfo|x64.ActiveCfg = RelWithDebInfo|x64
		{30529204-B3D0-3411-BD79-9C75DC494474}.RelWithDebInfo|x64.Build.0 = RelWithDebInfo|x64
		{ACDB097A-32BD-3CDA-BF01-36ECB65BA04C}.Debug|x64.ActiveCfg = Debug|x64
		{ACDB097A-32BD-3CDA-BF01-36ECB65BA04C}.Debug|x64.Build.0 = Debug|x64
		{ACDB097A-32BD-3CDA-BF01-36ECB65BA04C}.Release|x64.ActiveCfg = Release|x64
		{ACDB097A-32BD-3CDA-BF01-36ECB65BA04C}.Release|x64.Build.0 = Release|x64
		{ACDB097A-32BD-3CDA-BF01-36ECB65BA04C}.MinSizeRel|x64.ActiveCfg = MinSizeRel|x64
		{ACDB097A-32BD-3CDA-BF01-36ECB65BA04C}.MinSizeRel|x64.Build.0 = MinSizeRel|x64
		{ACDB097A-32BD-3CDA-BF01-36ECB65BA04C}.RelWithDebInfo|x64.ActiveCfg = RelWithDebInfo|x64
		{ACDB097A-32BD-3CDA-BF01-36ECB65BA04C}.RelWithDebInfo|x64.Build.0 = RelWithDebInfo|x64
		{20E5A75C-5B8C-318E-A0E1-1D7A5836F320}.Debug|x64.ActiveCfg = Debug|x64
		{20E5A75C-5B8C-318E-A0E1-1D7A5836F320}.Debug|x64.Build.0 = Debug|x64
		{20E5A75C-5B8C-318E-A0E1-1D7A5836F320}.Release|x64.ActiveCfg = Release|x64
		{20E5A75C-5B8C-318E-A0E1-1D7A5836F320}.Release|x64.Build.0 = Release|x64
		{20E5A75C-5B8C-318E-A0E1-1D7A5836F320}.MinSizeRel|x64.ActiveCfg = MinSizeRel|x64
		{20E5A75C-5B8C-318E-A0E1-1D7A5836F320}.MinSizeRel|x64.Build.0 = MinSizeRel|x64
		{20E5A75C-5B8C-318E-A0E1-1D7A5836F320}.RelWithDebInfo|x64.ActiveCfg = RelWithDebInfo|x64
		{20E5A75C-5B8C-318E-A0E1-1D7A5836F320}.RelWithDebInfo|x64.Build.0 = RelWithDebInfo|x64
		{C559817B-BAE4-34D6-AF51-12BAA25C593E}.Debug|x64.ActiveCfg = Debug|x64
		{C559817B-BAE4-34D6-AF51-12BAA25C593E}.Debug|x64.Build.0 = Debug|x64
		{C559817B-BAE4-34D6-AF51-12BAA25C593E}.Release|x64.ActiveCfg = Release|x64
		{C559817B-BAE4-34D6-AF51-12BAA25C593E}.Release|x64.Build.0 = Release|x64
		{C559817B-BAE4-34D6-AF51-12BAA25C593E}.MinSizeRel|x64.ActiveCfg = MinSizeRel|x64
		{C559817B-BAE4-34D6-AF51-12BAA25C593E}.MinSizeRel|x64.Build.0 = MinSizeRel|x64
		{C559817B-BAE4-34D6-AF51-12BAA25C593E}.RelWithDebInfo|x64.ActiveCfg = RelWithDebInfo|x64
		{C559817B-BAE4-34D6-AF51-12BAA25C593E}.RelWithDebInfo|x64.Build.0 = RelWithDebInfo|x64
		{CD2B9535-2C08-38F4-BAE1-F13EA1FC57EC}.Debug|x64.ActiveCfg = Debug|x64
		{CD2B9535-2C08-38F4-BAE1-F13EA1FC57EC}.Debug|x64.Build.0 = Debug|x64
		{CD2B9535-2C08-38F4-BAE1-F13EA1FC57EC}.Release|x64.ActiveCfg = Release|x64
		{CD2B9535-2C08-38F4-BAE1-F13EA1FC57EC}.Release|x64.Build.0 = Release|x64
		{CD2B9535-2C08-38F4-BAE1-F13EA1FC57EC}.MinSizeRel|x64.ActiveCfg = MinSizeRel|x64
		{CD2B9535-2C08-38F4-BAE1-F13EA1FC57EC}.MinSizeRel|x64.Build.0 = MinSizeRel|x64
		{CD2B9535-2C08-38F4-BAE1-F13EA1FC57EC}.RelWithDebInfo|x64.ActiveCfg = RelWithDebInfo|x64
		{CD2B9535-2C08-38F4-BAE1-F13EA1FC57EC}.RelWithDebInfo|x64.Build.0 = RelWithDebInfo|x64
		{86AB8B08-4381-3459-AE85-C55D59F5826E}.Debug|x64.ActiveCfg = Debug|x64
		{86AB8B08-4381-3459-AE85-C55D59F5826E}.Debug|x64.Build.0 = Debug|x64
		{86AB8B08-4381-3459-AE85-C55D59F5826E}.Release|x64.ActiveCfg = Release|x64
		{86AB8B08-4381-3459-AE85-C55D59F5826E}.Release|x64.Build.0 = Release|x64
		{86AB8B08-4381-3459-AE85-C55D59F5826E}.MinSizeRel|x64.ActiveCfg = MinSizeRel|x64
		{86AB8B08-4381-3459-AE85-C55D59F5826E}.MinSizeRel|x64.Build.0 = MinSizeRel|x64
		{86AB8B08-4381-3459-AE85-C55D59F5826E}.RelWithDebInfo|x64.ActiveCfg = RelWithDebInfo|x64
		{86AB8B08-4381-3459-AE85-C55D59F5826E}.RelWithDebInfo|x64.Build.0 = RelWithDebInfo|x64
		{4677A2D8-AD1D-3D0C-8108-4227D196A102}.Debug|x64.ActiveCfg = Debug|x64
		{4677A2D8-AD1D-3D0C-8108-4227D196A102}.Debug|x64.Build.0 = Debug|x64
		{4677A2D8-AD1D-3D0C-8108-4227D196A102}.Release|x64.ActiveCfg = Release|x64
		{4677A2D8-AD1D-3D0C-8108-4227D196A102}.Release|x64.Build.0 = Release|x64
		{4677A2D8-AD1D-3D0C-8108-4227D196A102}.MinSizeRel|x64.ActiveCfg = MinSizeRel|x64
		{4677A2D8-AD1D-3D0C-8108-4227D196A102}.MinSizeRel|x64.Build.0 = MinSizeRel|x64
		{4677A2D8-AD1D-3D0C-8108-4227D196A102}.RelWithDebInfo|x64.ActiveCfg = RelWithDebInfo|x64
		{4677A2D8-AD1D-3D0C-8108-4227D196A102}.RelWithDebInfo|x64.Build.0 = RelWithDebInfo|x64
		{68E94720-2CBB-37F7-A96F-FEF8345F0C63}.Debug|x64.ActiveCfg = Debug|x64
		{68E94720-2CBB-37F7-A96F-FEF8345F0C63}.Debug|x64.Build.0 = Debug|x64
		{68E94720-2CBB-37F7-A96F-FEF8345F0C63}.Release|x64.ActiveCfg = Release|x64
		{68E94720-2CBB-37F7-A96F-FEF8345F0C63}.Release|x64.Build.0 = Release|x64
		{68E94720-2CBB-37F7-A96F-FEF8345F0C63}.MinSizeRel|x64.ActiveCfg = MinSizeRel|x64
		{68E94720-2CBB-37F7-A96F-FEF8345F0C63}.MinSizeRel|x64.Build.0 = MinSizeRel|x64
		{68E94720-2CBB-37F7-A96F-FEF8345F0C63}.RelWithDebInfo|x64.ActiveCfg = RelWithDebInfo|x64
		{68E94720-2CBB-37F7-A96F-FEF8345F0C63}.RelWithDebInfo|x64.Build.0 = RelWithDebInfo|x64
		{2E92E461-A06F-36D5-A60F-86EBECEFB397}.Debug|x64.ActiveCfg = Debug|x64
		{2E92E461-A06F-36D5-A60F-86EBECEFB397}.Debug|x64.Build.0 = Debug|x64
		{2E92E461-A06F-36D5-A60F-86EBECEFB397}.Release|x64.ActiveCfg = Release|x64
		{2E92E461-A06F-36D5-A60F-86EBECEFB397}.Release|x64.Build.0 = Release|x64
		{2E92E461-A06F-36D5-A60F-86EBECEFB397}.MinSizeRel|x64.ActiveCfg = MinSizeRel|x64
		{2E92E461-A06F-36D5-A60F-86EBECEFB397}.MinSizeRel|x64.Build.0 = MinSizeRel|x64
		{2E92E461-A06F-36D5-A60F-86EBECEFB397}.RelWithDebInfo|x64.ActiveCfg = RelWithDebInfo|x64
		{2E92E461-A06F-36D5-A60F-86EBECEFB397}.RelWithDebInfo|x64.Build.0 = RelWithDebInfo|x64
		{719550E6-219B-38B9-9981-953F52C69473}.Debug|x64.ActiveCfg = Debug|x64
		{719550E6-219B-38B9-9981-953F52C69473}.Debug|x64.Build.0 = Debug|x64
		{719550E6-219B-38B9-9981-953F52C69473}.Release|x64.ActiveCfg = Release|x64
		{719550E6-219B-38B9-9981-953F52C69473}.Release|x64.Build.0 = Release|x64
		{719550E6-219B-38B9-9981-953F52C69473}.MinSizeRel|x64.ActiveCfg = MinSizeRel|x64
		{719550E6-219B-38B9-9981-953F52C69473}.MinSizeRel|x64.Build.0 = MinSizeRel|x64
		{719550E6-219B-38B9-9981-953F52C69473}.RelWithDebInfo|x64.ActiveCfg = RelWithDebInfo|x64
		{719550E6-219B-38B9-9981-953F52C69473}.RelWithDebInfo|x64.Build.0 = RelWithDebInfo|x64
		{F397C9EB-45DA-3BBA-B2C1-5ED4498AF488}.Debug|x64.ActiveCfg = Debug|x64
		{F397C9EB-45DA-3BBA-B2C1-5ED4498AF488}.Debug|x64.Build.0 = Debug|x64
		{F397C9EB-45DA-3BBA-B2C1-5ED4498AF488}.Release|x64.ActiveCfg = Release|x64
		{F397C9EB-45DA-3BBA-B2C1-5ED4498AF488}.Release|x64.Build.0 = Release|x64
		{F397C9EB-45DA-3BBA-B2C1-5ED4498AF488}.MinSizeRel|x64.ActiveCfg = MinSizeRel|x64
		{F397C9EB-45DA-3BBA-B2C1-5ED4498AF488}.MinSizeRel|x64.Build.0 = MinSizeRel|x64
		{F397C9EB-45DA-3BBA-B2C1-5ED4498AF488}.RelWithDebInfo|x64.ActiveCfg = RelWithDebInfo|x64
		{F397C9EB-45DA-3BBA-B2C1-5ED4498AF488}.RelWithDebInfo|x64.Build.0 = RelWithDebInfo|x64
		{B32B9288-2A21-348F-8A6E-59CC25B8F66D}.Debug|x64.ActiveCfg = Debug|x64
		{B32B9288-2A21-348F-8A6E-59CC25B8F66D}.Debug|x64.Build.0 = Debug|x64
		{B32B9288-2A21-348F-8A6E-59CC25B8F66D}.Release|x64.ActiveCfg = Release|x64
		{B32B9288-2A21-348F-8A6E-59CC25B8F66D}.Release|x64.Build.0 = Release|x64
		{B32B9288-2A21-348F-8A6E-59CC25B8F66D}.MinSizeRel|x64.ActiveCfg = MinSizeRel|x64
		{B32B9288-2A21-348F-8A6E-59CC25B8F66D}.MinSizeRel|x64.Build.0 = MinSizeRel|x64
		{B32B9288-2A21-348F-8A6E-59CC25B8F66D}.RelWithDebInfo|x64.ActiveCfg = RelWithDebInfo|x64
		{B32B9288-2A21-348F-8A6E-59CC25B8F66D}.RelWithDebInfo|x64.Build.0 = RelWithDebInfo|x64
		{16663A17-06C6-35DD-A375-0346BC6A25F8}.Debug|x64.ActiveCfg = Debug|x64
		{16663A17-06C6-35DD-A375-0346BC6A25F8}.Debug|x64.Build.0 = Debug|x64
		{16663A17-06C6-35DD-A375-0346BC6A25F8}.Release|x64.ActiveCfg = Release|x64
		{16663A17-06C6-35DD-A375-0346BC6A25F8}.Release|x64.Build.0 = Release|x64
		{16663A17-06C6-35DD-A375-0346BC6A25F8}.MinSizeRel|x64.ActiveCfg = MinSizeRel|x64
		{16663A17-06C6-35DD-A375-0346BC6A25F8}.MinSizeRel|x64.Build.0 = MinSizeRel|x64
		{16663A17-06C6-35DD-A375-0346BC6A25F8}.RelWithDebInfo|x64.ActiveCfg = RelWithDebInfo|x64
		{16663A17-06C6-35DD-A375-0346BC6A25F8}.RelWithDebInfo|x64.Build.0 = RelWithDebInfo|x64
		{D1B5B433-0EF9-3558-A5B5-BC58F0E24FA4}.Debug|x64.ActiveCfg = Debug|x64
		{D1B5B433-0EF9-3558-A5B5-BC58F0E24FA4}.Debug|x64.Build.0 = Debug|x64
		{D1B5B433-0EF9-3558-A5B5-BC58F0E24FA4}.Release|x64.ActiveCfg = Release|x64
		{D1B5B433-0EF9-3558-A5B5-BC58F0E24FA4}.Release|x64.Build.0 = Release|x64
		{D1B5B433-0EF9-3558-A5B5-BC58F0E24FA4}.MinSizeRel|x64.ActiveCfg = MinSizeRel|x64
		{D1B5B433-0EF9-3558-A5B5-BC58F0E24FA4}.MinSizeRel|x64.Build.0 = MinSizeRel|x64
		{D1B5B433-0EF9-3558-A5B5-BC58F0E24FA4}.RelWithDebInfo|x64.ActiveCfg = RelWithDebInfo|x64
		{D1B5B433-0EF9-3558-A5B5-BC58F0E24FA4}.RelWithDebInfo|x64.Build.0 = RelWithDebInfo|x64
		{4925BBE5-F8A5-3D5F-9107-7F1FF637AAC1}.Debug|x64.ActiveCfg = Debug|x64
		{4925BBE5-F8A5-3D5F-9107-7F1FF637AAC1}.Debug|x64.Build.0 = Debug|x64
		{4925BBE5-F8A5-3D5F-9107-7F1FF637AAC1}.Release|x64.ActiveCfg = Release|x64
		{4925BBE5-F8A5-3D5F-9107-7F1FF637AAC1}.Release|x64.Build.0 = Release|x64
		{4925BBE5-F8A5-3D5F-9107-7F1FF637AAC1}.MinSizeRel|x64.ActiveCfg = MinSizeRel|x64
		{4925BBE5-F8A5-3D5F-9107-7F1FF637AAC1}.MinSizeRel|x64.Build.0 = MinSizeRel|x64
		{4925BBE5-F8A5-3D5F-9107-7F1FF637AAC1}.RelWithDebInfo|x64.ActiveCfg = RelWithDebInfo|x64
		{4925BBE5-F8A5-3D5F-9107-7F1FF637AAC1}.RelWithDebInfo|x64.Build.0 = RelWithDebInfo|x64
		{5DEC6837-572E-38CC-A766-5B2CE356D526}.Debug|x64.ActiveCfg = Debug|x64
		{5DEC6837-572E-38CC-A766-5B2CE356D526}.Debug|x64.Build.0 = Debug|x64
		{5DEC6837-572E-38CC-A766-5B2CE356D526}.Release|x64.ActiveCfg = Release|x64
		{5DEC6837-572E-38CC-A766-5B2CE356D526}.Release|x64.Build.0 = Release|x64
		{5DEC6837-572E-38CC-A766-5B2CE356D526}.MinSizeRel|x64.ActiveCfg = MinSizeRel|x64
		{5DEC6837-572E-38CC-A766-5B2CE356D526}.MinSizeRel|x64.Build.0 = MinSizeRel|x64
		{5DEC6837-572E-38CC-A766-5B2CE356D526}.RelWithDebInfo|x64.ActiveCfg = RelWithDebInfo|x64
		{5DEC6837-572E-38CC-A766-5B2CE356D526}.RelWithDebInfo|x64.Build.0 = RelWithDebInfo|x64
		{FBBD7FC0-1BA7-3989-AA45-FB282B8D0F62}.Debug|x64.ActiveCfg = Debug|x64
		{FBBD7FC0-1BA7-3989-AA45-FB282B8D0F62}.Debug|x64.Build.0 = Debug|x64
		{FBBD7FC0-1BA7-3989-AA45-FB282B8D0F62}.Release|x64.ActiveCfg = Release|x64
		{FBBD7FC0-1BA7-3989-AA45-FB282B8D0F62}.Release|x64.Build.0 = Release|x64
		{FBBD7FC0-1BA7-3989-AA45-FB282B8D0F62}.MinSizeRel|x64.ActiveCfg = MinSizeRel|x64
		{FBBD7FC0-1BA7-3989-AA45-FB282B8D0F62}.MinSizeRel|x64.Build.0 = MinSizeRel|x64
		{FBBD7FC0-1BA7-3989-AA45-FB282B8D0F62}.RelWithDebInfo|x64.ActiveCfg = RelWithDebInfo|x64
		{FBBD7FC0-1BA7-3989-AA45-FB282B8D0F62}.RelWithDebInfo|x64.Build.0 = RelWithDebInfo|x64
		{E1D6CC5E-5657-3B17-926B-C9B499DEB6E8}.Debug|x64.ActiveCfg = Debug|x64
		{E1D6CC5E-5657-3B17-926B-C9B499DEB6E8}.Debug|x64.Build.0 = Debug|x64
		{E1D6CC5E-5657-3B17-926B-C9B499DEB6E8}.Release|x64.ActiveCfg = Release|x64
		{E1D6CC5E-5657-3B17-926B-C9B499DEB6E8}.Release|x64.Build.0 = Release|x64
		{E1D6CC5E-5657-3B17-926B-C9B499DEB6E8}.MinSizeRel|x64.ActiveCfg = MinSizeRel|x64
		{E1D6CC5E-5657-3B17-926B-C9B499DEB6E8}.MinSizeRel|x64.Build.0 = MinSizeRel|x64
		{E1D6CC5E-5657-3B17-926B-C9B499DEB6E8}.RelWithDebInfo|x64.ActiveCfg = RelWithDebInfo|x64
		{E1D6CC5E-5657-3B17-926B-C9B499DEB6E8}.RelWithDebInfo|x64.Build.0 = RelWithDebInfo|x64
		{198B407B-B092-3BD7-A5B5-78FABB62229B}.Debug|x64.ActiveCfg = Debug|x64
		{198B407B-B092-3BD7-A5B5-78FABB62229B}.Debug|x64.Build.0 = Debug|x64
		{198B407B-B092-3BD7-A5B5-78FABB62229B}.Release|x64.ActiveCfg = Release|x64
		{198B407B-B092-3BD7-A5B5-78FABB62229B}.Release|x64.Build.0 = Release|x64
		{198B407B-B092-3BD7-A5B5-78FABB62229B}.MinSizeRel|x64.ActiveCfg = MinSizeRel|x64
		{198B407B-B092-3BD7-A5B5-78FABB62229B}.MinSizeRel|x64.Build.0 = MinSizeRel|x64
		{198B407B-B092-3BD7-A5B5-78FABB62229B}.RelWithDebInfo|x64.ActiveCfg = RelWithDebInfo|x64
		{198B407B-B092-3BD7-A5B5-78FABB62229B}.RelWithDebInfo|x64.Build.0 = RelWithDebInfo|x64
		{AA2DDD02-E37D-39ED-B41B-D1AA3C454B25}.Debug|x64.ActiveCfg = Debug|x64
		{AA2DDD02-E37D-39ED-B41B-D1AA3C454B25}.Debug|x64.Build.0 = Debug|x64
		{AA2DDD02-E37D-39ED-B41B-D1AA3C454B25}.Release|x64.ActiveCfg = Release|x64
		{AA2DDD02-E37D-39ED-B41B-D1AA3C454B25}.Release|x64.Build.0 = Release|x64
		{AA2DDD02-E37D-39ED-B41B-D1AA3C454B25}.MinSizeRel|x64.ActiveCfg = MinSizeRel|x64
		{AA2DDD02-E37D-39ED-B41B-D1AA3C454B25}.MinSizeRel|x64.Build.0 = MinSizeRel|x64
		{AA2DDD02-E37D-39ED-B41B-D1AA3C454B25}.RelWithDebInfo|x64.ActiveCfg = RelWithDebInfo|x64
		{AA2DDD02-E37D-39ED-B41B-D1AA3C454B25}.RelWithDebInfo|x64.Build.0 = RelWithDebInfo|x64
		{A6D89C53-BDFD-3701-ABE6-C12A1695A4DC}.Debug|x64.ActiveCfg = Debug|x64
		{A6D89C53-BDFD-3701-ABE6-C12A1695A4DC}.Debug|x64.Build.0 = Debug|x64
		{A6D89C53-BDFD-3701-ABE6-C12A1695A4DC}.Release|x64.ActiveCfg = Release|x64
		{A6D89C53-BDFD-3701-ABE6-C12A1695A4DC}.Release|x64.Build.0 = Release|x64
		{A6D89C53-BDFD-3701-ABE6-C12A1695A4DC}.MinSizeRel|x64.ActiveCfg = MinSizeRel|x64
		{A6D89C53-BDFD-3701-ABE6-C12A1695A4DC}.MinSizeRel|x64.Build.0 = MinSizeRel|x64
		{A6D89C53-BDFD-3701-ABE6-C12A1695A4DC}.RelWithDebInfo|x64.ActiveCfg = RelWithDebInfo|x64
		{A6D89C53-BDFD-3701-ABE6-C12A1695A4DC}.RelWithDebInfo|x64.Build.0 = RelWithDebInfo|x64
		{58BFDE90-C990-3877-AD22-0A0BD985A899}.Debug|x64.ActiveCfg = Debug|x64
		{58BFDE90-C990-3877-AD22-0A0BD985A899}.Debug|x64.Build.0 = Debug|x64
		{58BFDE90-C990-3877-AD22-0A0BD985A899}.Release|x64.ActiveCfg = Release|x64
		{58BFDE90-C990-3877-AD22-0A0BD985A899}.Release|x64.Build.0 = Release|x64
		{58BFDE90-C990-3877-AD22-0A0BD985A899}.MinSizeRel|x64.ActiveCfg = MinSizeRel|x64
		{58BFDE90-C990-3877-AD22-0A0BD985A899}.MinSizeRel|x64.Build.0 = MinSizeRel|x64
		{58BFDE90-C990-3877-AD22-0A0BD985A899}.RelWithDebInfo|x64.ActiveCfg = RelWithDebInfo|x64
		{58BFDE90-C990-3877-AD22-0A0BD985A899}.RelWithDebInfo|x64.Build.0 = RelWithDebInfo|x64
		{BD83D1CE-0C13-35C3-A5F5-6BAFDA13ED9C}.Debug|x64.ActiveCfg = Debug|x64
		{BD83D1CE-0C13-35C3-A5F5-6BAFDA13ED9C}.Debug|x64.Build.0 = Debug|x64
		{BD83D1CE-0C13-35C3-A5F5-6BAFDA13ED9C}.Release|x64.ActiveCfg = Release|x64
		{BD83D1CE-0C13-35C3-A5F5-6BAFDA13ED9C}.Release|x64.Build.0 = Release|x64
		{BD83D1CE-0C13-35C3-A5F5-6BAFDA13ED9C}.MinSizeRel|x64.ActiveCfg = MinSizeRel|x64
		{BD83D1CE-0C13-35C3-A5F5-6BAFDA13ED9C}.MinSizeRel|x64.Build.0 = MinSizeRel|x64
		{BD83D1CE-0C13-35C3-A5F5-6BAFDA13ED9C}.RelWithDebInfo|x64.ActiveCfg = RelWithDebInfo|x64
		{BD83D1CE-0C13-35C3-A5F5-6BAFDA13ED9C}.RelWithDebInfo|x64.Build.0 = RelWithDebInfo|x64
		{E8B22BB5-E316-3293-97B9-ED8533419751}.Debug|x64.ActiveCfg = Debug|x64
		{E8B22BB5-E316-3293-97B9-ED8533419751}.Debug|x64.Build.0 = Debug|x64
		{E8B22BB5-E316-3293-97B9-ED8533419751}.Release|x64.ActiveCfg = Release|x64
		{E8B22BB5-E316-3293-97B9-ED8533419751}.Release|x64.Build.0 = Release|x64
		{E8B22BB5-E316-3293-97B9-ED8533419751}.MinSizeRel|x64.ActiveCfg = MinSizeRel|x64
		{E8B22BB5-E316-3293-97B9-ED8533419751}.MinSizeRel|x64.Build.0 = MinSizeRel|x64
		{E8B22BB5-E316-3293-97B9-ED8533419751}.RelWithDebInfo|x64.ActiveCfg = RelWithDebInfo|x64
		{E8B22BB5-E316-3293-97B9-ED8533419751}.RelWithDebInfo|x64.Build.0 = RelWithDebInfo|x64
		{BB506A11-A483-34C3-93F8-4DF64CB30EF1}.Debug|x64.ActiveCfg = Debug|x64
		{BB506A11-A483-34C3-93F8-4DF64CB30EF1}.Debug|x64.Build.0 = Debug|x64
		{BB506A11-A483-34C3-93F8-4DF64CB30EF1}.Release|x64.ActiveCfg = Release|x64
		{BB506A11-A483-34C3-93F8-4DF64CB30EF1}.Release|x64.Build.0 = Release|x64
		{BB506A11-A483-34C3-93F8-4DF64CB30EF1}.MinSizeRel|x64.ActiveCfg = MinSizeRel|x64
		{BB506A11-A483-34C3-93F8-4DF64CB30EF1}.MinSizeRel|x64.Build.0 = MinSizeRel|x64
		{BB506A11-A483-34C3-93F8-4DF64CB30EF1}.RelWithDebInfo|x64.ActiveCfg = RelWithDebInfo|x64
		{BB506A11-A483-34C3-93F8-4DF64CB30EF1}.RelWithDebInfo|x64.Build.0 = RelWithDebInfo|x64
		{5FD3CCC3-B05D-3F27-AFA1-CC6B6F72E34B}.Debug|x64.ActiveCfg = Debug|x64
		{5FD3CCC3-B05D-3F27-AFA1-CC6B6F72E34B}.Debug|x64.Build.0 = Debug|x64
		{5FD3CCC3-B05D-3F27-AFA1-CC6B6F72E34B}.Release|x64.ActiveCfg = Release|x64
		{5FD3CCC3-B05D-3F27-AFA1-CC6B6F72E34B}.Release|x64.Build.0 = Release|x64
		{5FD3CCC3-B05D-3F27-AFA1-CC6B6F72E34B}.MinSizeRel|x64.ActiveCfg = MinSizeRel|x64
		{5FD3CCC3-B05D-3F27-AFA1-CC6B6F72E34B}.MinSizeRel|x64.Build.0 = MinSizeRel|x64
		{5FD3CCC3-B05D-3F27-AFA1-CC6B6F72E34B}.RelWithDebInfo|x64.ActiveCfg = RelWithDebInfo|x64
		{5FD3CCC3-B05D-3F27-AFA1-CC6B6F72E34B}.RelWithDebInfo|x64.Build.0 = RelWithDebInfo|x64
	EndGlobalSection
	GlobalSection(ExtensibilityGlobals) = postSolution
		SolutionGuid = {B5A04071-1299-36C5-BE75-D9A8070A8838}
	EndGlobalSection
	GlobalSection(ExtensibilityAddIns) = postSolution
	EndGlobalSection
EndGlobal
